{
  "name": "example-ant",
  "version": "0.0.0",
  "lockfileVersion": 1,
  "requires": true,
  "dependencies": {
    "@types/node": {
      "version": "8.10.42",
      "resolved": "https://registry.npmjs.org/@types/node/-/node-8.10.42.tgz",
      "integrity": "sha512-8LCqostMfYwQs9by1k21/P4KZp9uFQk3Q528y3qtPKQnCJmKz0Em3YzgeNjTNV1FVrG/7n/6j12d4UKg9zSgDw==",
      "dev": true
    },
    "antrunner": {
      "version": "1.2.3",
      "resolved": "https://registry.npmjs.org/antrunner/-/antrunner-1.2.3.tgz",
      "integrity": "sha512-1zDHxKnnWJy0IqZ0/ZDogwPdDKPsXDQHamPTEX16FPzOXBWKjNaVMjKkyNWb9vSo5Y3zTAV35xDxl+u0JY6FdA=="
    }
  }
}
