
Microsoft Visual Studio Solution File, Format Version 12.00
# Visual Studio Version 16
VisualStudioVersion = 16.0.29201.188
MinimumVisualStudioVersion = 10.0.40219.1
Project("{FAE04EC0-301F-11D3-BF4B-00C04F79EFBC}") = "AntRunner", "AntRunner\AntRunner.csproj", "{6647BC59-BBE1-48DA-B07E-ED8B4AD13C05}"
	ProjectSection(ProjectDependencies) = postProject
		{EE735D1E-509A-44A3-8831-608159883984} = {EE735D1E-509A-44A3-8831-608159883984}
		{1F731522-F8E9-40F9-8E80-D86DB3F48DE4} = {1F731522-F8E9-40F9-8E80-D86DB3F48DE4}
		{AAD2FA7D-7BA4-4BE8-82AC-9AE891E76362} = {AAD2FA7D-7BA4-4BE8-82AC-9AE891E76362}
		{B9A81EB7-88A7-4B29-BBBC-F642E4B46688} = {B9A81EB7-88A7-4B29-BBBC-F642E4B46688}
	EndProjectSection
EndProject
Project("{9A19103F-16F7-4668-BE54-9A1E7A4F7556}") = "AntRunner.Interface", "AntRunner.Interface\AntRunner.Interface.csproj", "{EEB3F445-C29E-4488-8902-D47CF3760039}"
EndProject
Project("{9A19103F-16F7-4668-BE54-9A1E7A4F7556}") = "AntRunner.Wrapper.Php", "Wrappers\AntRunner.Wrapper.Php\AntRunner.Wrapper.Php.csproj", "{AAD2FA7D-7BA4-4BE8-82AC-9AE891E76362}"
	ProjectSection(ProjectDependencies) = postProject
		{1F731522-F8E9-40F9-8E80-D86DB3F48DE4} = {1F731522-F8E9-40F9-8E80-D86DB3F48DE4}
	EndProjectSection
EndProject
Project("{2150E333-8FDC-42A3-9474-1A3956D46DE8}") = "Wrappers", "Wrappers", "{F24C7084-E66C-4ACC-B582-74D25E0EE6EE}"
EndProject
Project("{2150E333-8FDC-42A3-9474-1A3956D46DE8}") = "Library", "Library", "{5B98E6CE-E2AB-4239-BEC3-C126D76CA3B6}"
EndProject
Project("{2150E333-8FDC-42A3-9474-1A3956D46DE8}") = "Game", "Game", "{41FF8921-F8A6-4600-B778-B3EE13944F9B}"
EndProject
Project("{9A19103F-16F7-4668-BE54-9A1E7A4F7556}") = "AntRunner.Wrapper.Js", "Wrappers\AntRunner.Wrapper.Js\AntRunner.Wrapper.Js.csproj", "{1F731522-F8E9-40F9-8E80-D86DB3F48DE4}"
	ProjectSection(ProjectDependencies) = postProject
		{EEB3F445-C29E-4488-8902-D47CF3760039} = {EEB3F445-C29E-4488-8902-D47CF3760039}
	EndProjectSection
EndProject
Project("{9A19103F-16F7-4668-BE54-9A1E7A4F7556}") = "AntRunner.Wrapper.Python", "Wrappers\AntRunner.Wrapper.Python\AntRunner.Wrapper.Python.csproj", "{EE735D1E-509A-44A3-8831-608159883984}"
EndProject
Project("{9A19103F-16F7-4668-BE54-9A1E7A4F7556}") = "AntRunner.Wrapper.Ruby", "Wrappers\AntRunner.Wrapper.Ruby\AntRunner.Wrapper.Ruby.csproj", "{B9A81EB7-88A7-4B29-BBBC-F642E4B46688}"
EndProject
Project("{930C7802-8A8C-48F9-8165-68863BCCD9DD}") = "AntRunner.Installer", "AntRunner.Installer\AntRunner.Installer.wixproj", "{2CA1EED0-C807-4661-9074-6CDC4C676C82}"
EndProject
Global
	GlobalSection(SolutionConfigurationPlatforms) = preSolution
		Debug|Any CPU = Debug|Any CPU
		Debug|x86 = Debug|x86
		Release|Any CPU = Release|Any CPU
		Release|x86 = Release|x86
	EndGlobalSection
	GlobalSection(ProjectConfigurationPlatforms) = postSolution
		{6647BC59-BBE1-48DA-B07E-ED8B4AD13C05}.Debug|Any CPU.ActiveCfg = Debug|Any CPU
		{6647BC59-BBE1-48DA-B07E-ED8B4AD13C05}.Debug|Any CPU.Build.0 = Debug|Any CPU
		{6647BC59-BBE1-48DA-B07E-ED8B4AD13C05}.Debug|x86.ActiveCfg = Debug|Any CPU
		{6647BC59-BBE1-48DA-B07E-ED8B4AD13C05}.Debug|x86.Build.0 = Debug|Any CPU
		{6647BC59-BBE1-48DA-B07E-ED8B4AD13C05}.Release|Any CPU.ActiveCfg = Release|Any CPU
		{6647BC59-BBE1-48DA-B07E-ED8B4AD13C05}.Release|Any CPU.Build.0 = Release|Any CPU
		{6647BC59-BBE1-48DA-B07E-ED8B4AD13C05}.Release|x86.ActiveCfg = Release|Any CPU
		{6647BC59-BBE1-48DA-B07E-ED8B4AD13C05}.Release|x86.Build.0 = Release|Any CPU
		{EEB3F445-C29E-4488-8902-D47CF3760039}.Debug|Any CPU.ActiveCfg = Debug|Any CPU
		{EEB3F445-C29E-4488-8902-D47CF3760039}.Debug|x86.ActiveCfg = Debug|Any CPU
		{EEB3F445-C29E-4488-8902-D47CF3760039}.Debug|x86.Build.0 = Debug|Any CPU
		{EEB3F445-C29E-4488-8902-D47CF3760039}.Release|Any CPU.ActiveCfg = Release|Any CPU
		{EEB3F445-C29E-4488-8902-D47CF3760039}.Release|x86.ActiveCfg = Release|Any CPU
		{EEB3F445-C29E-4488-8902-D47CF3760039}.Release|x86.Build.0 = Release|Any CPU
		{AAD2FA7D-7BA4-4BE8-82AC-9AE891E76362}.Debug|Any CPU.ActiveCfg = Debug|Any CPU
		{AAD2FA7D-7BA4-4BE8-82AC-9AE891E76362}.Debug|Any CPU.Build.0 = Debug|Any CPU
		{AAD2FA7D-7BA4-4BE8-82AC-9AE891E76362}.Debug|x86.ActiveCfg = Debug|Any CPU
		{AAD2FA7D-7BA4-4BE8-82AC-9AE891E76362}.Debug|x86.Build.0 = Debug|Any CPU
		{AAD2FA7D-7BA4-4BE8-82AC-9AE891E76362}.Release|Any CPU.ActiveCfg = Release|Any CPU
		{AAD2FA7D-7BA4-4BE8-82AC-9AE891E76362}.Release|Any CPU.Build.0 = Release|Any CPU
		{AAD2FA7D-7BA4-4BE8-82AC-9AE891E76362}.Release|x86.ActiveCfg = Release|Any CPU
		{AAD2FA7D-7BA4-4BE8-82AC-9AE891E76362}.Release|x86.Build.0 = Release|Any CPU
		{1F731522-F8E9-40F9-8E80-D86DB3F48DE4}.Debug|Any CPU.ActiveCfg = Debug|Any CPU
		{1F731522-F8E9-40F9-8E80-D86DB3F48DE4}.Debug|Any CPU.Build.0 = Debug|Any CPU
		{1F731522-F8E9-40F9-8E80-D86DB3F48DE4}.Debug|x86.ActiveCfg = Debug|Any CPU
		{1F731522-F8E9-40F9-8E80-D86DB3F48DE4}.Debug|x86.Build.0 = Debug|Any CPU
		{1F731522-F8E9-40F9-8E80-D86DB3F48DE4}.Release|Any CPU.ActiveCfg = Release|Any CPU
		{1F731522-F8E9-40F9-8E80-D86DB3F48DE4}.Release|Any CPU.Build.0 = Release|Any CPU
		{1F731522-F8E9-40F9-8E80-D86DB3F48DE4}.Release|x86.ActiveCfg = Release|Any CPU
		{1F731522-F8E9-40F9-8E80-D86DB3F48DE4}.Release|x86.Build.0 = Release|Any CPU
		{EE735D1E-509A-44A3-8831-608159883984}.Debug|Any CPU.ActiveCfg = Debug|Any CPU
		{EE735D1E-509A-44A3-8831-608159883984}.Debug|Any CPU.Build.0 = Debug|Any CPU
		{EE735D1E-509A-44A3-8831-608159883984}.Debug|x86.ActiveCfg = Debug|Any CPU
		{EE735D1E-509A-44A3-8831-608159883984}.Debug|x86.Build.0 = Debug|Any CPU
		{EE735D1E-509A-44A3-8831-608159883984}.Release|Any CPU.ActiveCfg = Release|Any CPU
		{EE735D1E-509A-44A3-8831-608159883984}.Release|Any CPU.Build.0 = Release|Any CPU
		{EE735D1E-509A-44A3-8831-608159883984}.Release|x86.ActiveCfg = Release|Any CPU
		{EE735D1E-509A-44A3-8831-608159883984}.Release|x86.Build.0 = Release|Any CPU
		{B9A81EB7-88A7-4B29-BBBC-F642E4B46688}.Debug|Any CPU.ActiveCfg = Debug|Any CPU
		{B9A81EB7-88A7-4B29-BBBC-F642E4B46688}.Debug|Any CPU.Build.0 = Debug|Any CPU
		{B9A81EB7-88A7-4B29-BBBC-F642E4B46688}.Debug|x86.ActiveCfg = Debug|Any CPU
		{B9A81EB7-88A7-4B29-BBBC-F642E4B46688}.Debug|x86.Build.0 = Debug|Any CPU
		{B9A81EB7-88A7-4B29-BBBC-F642E4B46688}.Release|Any CPU.ActiveCfg = Release|Any CPU
		{B9A81EB7-88A7-4B29-BBBC-F642E4B46688}.Release|Any CPU.Build.0 = Release|Any CPU
		{B9A81EB7-88A7-4B29-BBBC-F642E4B46688}.Release|x86.ActiveCfg = Release|Any CPU
		{B9A81EB7-88A7-4B29-BBBC-F642E4B46688}.Release|x86.Build.0 = Release|Any CPU
		{2CA1EED0-C807-4661-9074-6CDC4C676C82}.Debug|Any CPU.ActiveCfg = Debug|x86
		{2CA1EED0-C807-4661-9074-6CDC4C676C82}.Debug|x86.ActiveCfg = Debug|x86
		{2CA1EED0-C807-4661-9074-6CDC4C676C82}.Debug|x86.Build.0 = Debug|x86
		{2CA1EED0-C807-4661-9074-6CDC4C676C82}.Release|Any CPU.ActiveCfg = Release|x86
		{2CA1EED0-C807-4661-9074-6CDC4C676C82}.Release|x86.ActiveCfg = Release|x86
		{2CA1EED0-C807-4661-9074-6CDC4C676C82}.Release|x86.Build.0 = Release|x86
	EndGlobalSection
	GlobalSection(SolutionProperties) = preSolution
		HideSolutionNode = FALSE
	EndGlobalSection
	GlobalSection(NestedProjects) = preSolution
		{6647BC59-BBE1-48DA-B07E-ED8B4AD13C05} = {41FF8921-F8A6-4600-B778-B3EE13944F9B}
		{EEB3F445-C29E-4488-8902-D47CF3760039} = {5B98E6CE-E2AB-4239-BEC3-C126D76CA3B6}
		{AAD2FA7D-7BA4-4BE8-82AC-9AE891E76362} = {F24C7084-E66C-4ACC-B582-74D25E0EE6EE}
		{1F731522-F8E9-40F9-8E80-D86DB3F48DE4} = {F24C7084-E66C-4ACC-B582-74D25E0EE6EE}
		{EE735D1E-509A-44A3-8831-608159883984} = {F24C7084-E66C-4ACC-B582-74D25E0EE6EE}
		{B9A81EB7-88A7-4B29-BBBC-F642E4B46688} = {F24C7084-E66C-4ACC-B582-74D25E0EE6EE}
		{2CA1EED0-C807-4661-9074-6CDC4C676C82} = {41FF8921-F8A6-4600-B778-B3EE13944F9B}
	EndGlobalSection
	GlobalSection(ExtensibilityGlobals) = postSolution
		SolutionGuid = {E692D192-9089-47A6-9657-72DFAEB1F20A}
	EndGlobalSection
EndGlobal
